// !$*UTF8*$!
{
	archiveVersion = 1;
	classes = {
	};
	objectVersion = 48;
	objects = {

/* Begin PBXBuildFile section */
		554FA9D12038CD2300E61639 /* BackgroundMusic.wav in Resources */ = {isa = PBXBuildFile; fileRef = 554FA9CF2038CD2300E61639 /* BackgroundMusic.wav */; };
		554FA9D22038CD2300E61639 /* paddleHitSound.wav in Resources */ = {isa = PBXBuildFile; fileRef = 554FA9D02038CD2300E61639 /* paddleHitSound.wav */; };
		554FAA15203A183000E61639 /* GameOverScene.swift in Sources */ = {isa = PBXBuildFile; fileRef = 554FAA14203A183000E61639 /* GameOverScene.swift */; };
		554FAA18203A298300E61639 /* Waiting.swift in Sources */ = {isa = PBXBuildFile; fileRef = 554FAA17203A298300E61639 /* Waiting.swift */; };
		554FAA1A203A298F00E61639 /* Playing.swift in Sources */ = {isa = PBXBuildFile; fileRef = 554FAA19203A298F00E61639 /* Playing.swift */; };
		554FAA1D203A29A100E61639 /* GameOver.swift in Sources */ = {isa = PBXBuildFile; fileRef = 554FAA1C203A29A100E61639 /* GameOver.swift */; };
		554FAA1F203A392E00E61639 /* brickHitSound.wav in Resources */ = {isa = PBXBuildFile; fileRef = 554FAA1E203A392E00E61639 /* brickHitSound.wav */; };
		554FAA21203A3B6300E61639 /* gameOverSound.wav in Resources */ = {isa = PBXBuildFile; fileRef = 554FAA20203A3B6300E61639 /* gameOverSound.wav */; };
		554FAA25203A415A00E61639 /* Flame.sks in Resources */ = {isa = PBXBuildFile; fileRef = 554FAA23203A415A00E61639 /* Flame.sks */; };
		554FAA26203A415A00E61639 /* Assets.xcassets in Resources */ = {isa = PBXBuildFile; fileRef = 554FAA24203A415A00E61639 /* Assets.xcassets */; };
		554FAA28203A41E700E61639 /* Bokeh.sks in Resources */ = {isa = PBXBuildFile; fileRef = 554FAA27203A41E700E61639 /* Bokeh.sks */; };
		554FAA2A203A420400E61639 /* Magic.sks in Resources */ = {isa = PBXBuildFile; fileRef = 554FAA29203A420400E61639 /* Magic.sks */; };
		554FAA2C203A421F00E61639 /* Spark.sks in Resources */ = {isa = PBXBuildFile; fileRef = 554FAA2B203A421F00E61639 /* Spark.sks */; };
		555E96EF2038B286005C06ED /* AppDelegate.swift in Sources */ = {isa = PBXBuildFile; fileRef = 555E96EE2038B286005C06ED /* AppDelegate.swift */; };
		555E96F12038B286005C06ED /* GameScene.sks in Resources */ = {isa = PBXBuildFile; fileRef = 555E96F02038B286005C06ED /* GameScene.sks */; };
		555E96F32038B286005C06ED /* Actions.sks in Resources */ = {isa = PBXBuildFile; fileRef = 555E96F22038B286005C06ED /* Actions.sks */; };
		555E96F52038B286005C06ED /* GameScene.swift in Sources */ = {isa = PBXBuildFile; fileRef = 555E96F42038B286005C06ED /* GameScene.swift */; };
		555E96F72038B286005C06ED /* GameViewController.swift in Sources */ = {isa = PBXBuildFile; fileRef = 555E96F62038B286005C06ED /* GameViewController.swift */; };
		555E96FA2038B286005C06ED /* Main.storyboard in Resources */ = {isa = PBXBuildFile; fileRef = 555E96F82038B286005C06ED /* Main.storyboard */; };
		555E96FC2038B286005C06ED /* Assets.xcassets in Resources */ = {isa = PBXBuildFile; fileRef = 555E96FB2038B286005C06ED /* Assets.xcassets */; };
		555E96FF2038B286005C06ED /* LaunchScreen.storyboard in Resources */ = {isa = PBXBuildFile; fileRef = 555E96FD2038B286005C06ED /* LaunchScreen.storyboard */; };
		555E970A2038B286005C06ED /* NotBrickBreakerTests.swift in Sources */ = {isa = PBXBuildFile; fileRef = 555E97092038B286005C06ED /* NotBrickBreakerTests.swift */; };
		555E97152038B286005C06ED /* NotBrickBreakerUITests.swift in Sources */ = {isa = PBXBuildFile; fileRef = 555E97142038B286005C06ED /* NotBrickBreakerUITests.swift */; };
/* End PBXBuildFile section */

/* Begin PBXContainerItemProxy section */
		555E97062038B286005C06ED /* PBXContainerItemProxy */ = {
			isa = PBXContainerItemProxy;
			containerPortal = 555E96E32038B286005C06ED /* Project object */;
			proxyType = 1;
			remoteGlobalIDString = 555E96EA2038B286005C06ED;
			remoteInfo = NotBrickBreaker;
		};
		555E97112038B286005C06ED /* PBXContainerItemProxy */ = {
			isa = PBXContainerItemProxy;
			containerPortal = 555E96E32038B286005C06ED /* Project object */;
			proxyType = 1;
			remoteGlobalIDString = 555E96EA2038B286005C06ED;
			remoteInfo = NotBrickBreaker;
		};
/* End PBXContainerItemProxy section */

/* Begin PBXFileReference section */
		554FA9CF2038CD2300E61639 /* BackgroundMusic.wav */ = {isa = PBXFileReference; lastKnownFileType = audio.wav; path = BackgroundMusic.wav; sourceTree = "<group>"; };
		554FA9D02038CD2300E61639 /* paddleHitSound.wav */ = {isa = PBXFileReference; lastKnownFileType = audio.wav; path = paddleHitSound.wav; sourceTree = "<group>"; };
		554FAA14203A183000E61639 /* GameOverScene.swift */ = {isa = PBXFileReference; lastKnownFileType = sourcecode.swift; path = GameOverScene.swift; sourceTree = "<group>"; };
		554FAA17203A298300E61639 /* Waiting.swift */ = {isa = PBXFileReference; lastKnownFileType = sourcecode.swift; path = Waiting.swift; sourceTree = "<group>"; };
		554FAA19203A298F00E61639 /* Playing.swift */ = {isa = PBXFileReference; lastKnownFileType = sourcecode.swift; path = Playing.swift; sourceTree = "<group>"; };
		554FAA1C203A29A100E61639 /* GameOver.swift */ = {isa = PBXFileReference; lastKnownFileType = sourcecode.swift; path = GameOver.swift; sourceTree = "<group>"; };
		554FAA1E203A392E00E61639 /* brickHitSound.wav */ = {isa = PBXFileReference; lastKnownFileType = audio.wav; path = brickHitSound.wav; sourceTree = "<group>"; };
		554FAA20203A3B6300E61639 /* gameOverSound.wav */ = {isa = PBXFileReference; lastKnownFileType = audio.wav; path = gameOverSound.wav; sourceTree = "<group>"; };
		554FAA23203A415A00E61639 /* Flame.sks */ = {isa = PBXFileReference; lastKnownFileType = file.sks; path = Flame.sks; sourceTree = "<group>"; };
		554FAA24203A415A00E61639 /* Assets.xcassets */ = {isa = PBXFileReference; lastKnownFileType = folder.assetcatalog; path = Assets.xcassets; sourceTree = "<group>"; };
		554FAA27203A41E700E61639 /* Bokeh.sks */ = {isa = PBXFileReference; lastKnownFileType = file.sks; path = Bokeh.sks; sourceTree = "<group>"; };
		554FAA29203A420400E61639 /* Magic.sks */ = {isa = PBXFileReference; lastKnownFileType = file.sks; path = Magic.sks; sourceTree = "<group>"; };
		554FAA2B203A421F00E61639 /* Spark.sks */ = {isa = PBXFileReference; lastKnownFileType = file.sks; path = Spark.sks; sourceTree = "<group>"; };
		555E96EB2038B286005C06ED /* NotBrickBreaker.app */ = {isa = PBXFileReference; explicitFileType = wrapper.application; includeInIndex = 0; path = NotBrickBreaker.app; sourceTree = BUILT_PRODUCTS_DIR; };
		555E96EE2038B286005C06ED /* AppDelegate.swift */ = {isa = PBXFileReference; lastKnownFileType = sourcecode.swift; path = AppDelegate.swift; sourceTree = "<group>"; };
		555E96F02038B286005C06ED /* GameScene.sks */ = {isa = PBXFileReference; lastKnownFileType = file.sks; path = GameScene.sks; sourceTree = "<group>"; };
		555E96F22038B286005C06ED /* Actions.sks */ = {isa = PBXFileReference; lastKnownFileType = file.sks; path = Actions.sks; sourceTree = "<group>"; };
		555E96F42038B286005C06ED /* GameScene.swift */ = {isa = PBXFileReference; lastKnownFileType = sourcecode.swift; path = GameScene.swift; sourceTree = "<group>"; };
		555E96F62038B286005C06ED /* GameViewController.swift */ = {isa = PBXFileReference; lastKnownFileType = sourcecode.swift; path = GameViewController.swift; sourceTree = "<group>"; };
		555E96F92038B286005C06ED /* Base */ = {isa = PBXFileReference; lastKnownFileType = file.storyboard; name = Base; path = Base.lproj/Main.storyboard; sourceTree = "<group>"; };
		555E96FB2038B286005C06ED /* Assets.xcassets */ = {isa = PBXFileReference; lastKnownFileType = folder.assetcatalog; path = Assets.xcassets; sourceTree = "<group>"; };
		555E96FE2038B286005C06ED /* Base */ = {isa = PBXFileReference; lastKnownFileType = file.storyboard; name = Base; path = Base.lproj/LaunchScreen.storyboard; sourceTree = "<group>"; };
		555E97002038B286005C06ED /* Info.plist */ = {isa = PBXFileReference; lastKnownFileType = text.plist.xml; path = Info.plist; sourceTree = "<group>"; };
		555E97052038B286005C06ED /* NotBrickBreakerTests.xctest */ = {isa = PBXFileReference; explicitFileType = wrapper.cfbundle; includeInIndex = 0; path = NotBrickBreakerTests.xctest; sourceTree = BUILT_PRODUCTS_DIR; };
		555E97092038B286005C06ED /* NotBrickBreakerTests.swift */ = {isa = PBXFileReference; lastKnownFileType = sourcecode.swift; path = NotBrickBreakerTests.swift; sourceTree = "<group>"; };
		555E970B2038B286005C06ED /* Info.plist */ = {isa = PBXFileReference; lastKnownFileType = text.plist.xml; path = Info.plist; sourceTree = "<group>"; };
		555E97102038B286005C06ED /* NotBrickBreakerUITests.xctest */ = {isa = PBXFileReference; explicitFileType = wrapper.cfbundle; includeInIndex = 0; path = NotBrickBreakerUITests.xctest; sourceTree = BUILT_PRODUCTS_DIR; };
		555E97142038B286005C06ED /* NotBrickBreakerUITests.swift */ = {isa = PBXFileReference; lastKnownFileType = sourcecode.swift; path = NotBrickBreakerUITests.swift; sourceTree = "<group>"; };
		555E97162038B286005C06ED /* Info.plist */ = {isa = PBXFileReference; lastKnownFileType = text.plist.xml; path = Info.plist; sourceTree = "<group>"; };
/* End PBXFileReference section */

/* Begin PBXFrameworksBuildPhase section */
		555E96E82038B286005C06ED /* Frameworks */ = {
			isa = PBXFrameworksBuildPhase;
			buildActionMask = 2147483647;
			files = (
			);
			runOnlyForDeploymentPostprocessing = 0;
		};
		555E97022038B286005C06ED /* Frameworks */ = {
			isa = PBXFrameworksBuildPhase;
			buildActionMask = 2147483647;
			files = (
			);
			runOnlyForDeploymentPostprocessing = 0;
		};
		555E970D2038B286005C06ED /* Frameworks */ = {
			isa = PBXFrameworksBuildPhase;
			buildActionMask = 2147483647;
			files = (
			);
			runOnlyForDeploymentPostprocessing = 0;
		};
/* End PBXFrameworksBuildPhase section */

/* Begin PBXGroup section */
		554FA9CE2038CD1900E61639 /* Sounds */ = {
			isa = PBXGroup;
			children = (
				554FAA20203A3B6300E61639 /* gameOverSound.wav */,
				554FAA1E203A392E00E61639 /* brickHitSound.wav */,
				554FA9CF2038CD2300E61639 /* BackgroundMusic.wav */,
				554FA9D02038CD2300E61639 /* paddleHitSound.wav */,
			);
			path = Sounds;
			sourceTree = "<group>";
		};
		554FAA13203A17F600E61639 /* Scenes */ = {
			isa = PBXGroup;
			children = (
				555E96F42038B286005C06ED /* GameScene.swift */,
				554FAA14203A183000E61639 /* GameOverScene.swift */,
			);
			path = Scenes;
			sourceTree = "<group>";
		};
		554FAA16203A295D00E61639 /* GameStates */ = {
			isa = PBXGroup;
			children = (
				554FAA17203A298300E61639 /* Waiting.swift */,
				554FAA19203A298F00E61639 /* Playing.swift */,
				554FAA1C203A29A100E61639 /* GameOver.swift */,
			);
			path = GameStates;
			sourceTree = "<group>";
		};
		554FAA22203A412700E61639 /* Particles */ = {
			isa = PBXGroup;
			children = (
				554FAA23203A415A00E61639 /* Flame.sks */,
				554FAA27203A41E700E61639 /* Bokeh.sks */,
				554FAA29203A420400E61639 /* Magic.sks */,
				554FAA2B203A421F00E61639 /* Spark.sks */,
				554FAA24203A415A00E61639 /* Assets.xcassets */,
			);
			path = Particles;
			sourceTree = "<group>";
		};
		555E96E22038B286005C06ED = {
			isa = PBXGroup;
			children = (
				555E96ED2038B286005C06ED /* NotBrickBreaker */,
				555E97082038B286005C06ED /* NotBrickBreakerTests */,
				555E97132038B286005C06ED /* NotBrickBreakerUITests */,
				555E96EC2038B286005C06ED /* Products */,
			);
			sourceTree = "<group>";
		};
		555E96EC2038B286005C06ED /* Products */ = {
			isa = PBXGroup;
			children = (
				555E96EB2038B286005C06ED /* NotBrickBreaker.app */,
				555E97052038B286005C06ED /* NotBrickBreakerTests.xctest */,
				555E97102038B286005C06ED /* NotBrickBreakerUITests.xctest */,
			);
			name = Products;
			sourceTree = "<group>";
		};
		555E96ED2038B286005C06ED /* NotBrickBreaker */ = {
			isa = PBXGroup;
			children = (
				554FAA16203A295D00E61639 /* GameStates */,
				554FAA13203A17F600E61639 /* Scenes */,
				554FAA22203A412700E61639 /* Particles */,
				554FA9CE2038CD1900E61639 /* Sounds */,
				555E96EE2038B286005C06ED /* AppDelegate.swift */,
				555E96F02038B286005C06ED /* GameScene.sks */,
				555E96F22038B286005C06ED /* Actions.sks */,
				555E96F62038B286005C06ED /* GameViewController.swift */,
				555E96F82038B286005C06ED /* Main.storyboard */,
				555E96FB2038B286005C06ED /* Assets.xcassets */,
				555E96FD2038B286005C06ED /* LaunchScreen.storyboard */,
				555E97002038B286005C06ED /* Info.plist */,
			);
			path = NotBrickBreaker;
			sourceTree = "<group>";
		};
		555E97082038B286005C06ED /* NotBrickBreakerTests */ = {
			isa = PBXGroup;
			children = (
				555E97092038B286005C06ED /* NotBrickBreakerTests.swift */,
				555E970B2038B286005C06ED /* Info.plist */,
			);
			path = NotBrickBreakerTests;
			sourceTree = "<group>";
		};
		555E97132038B286005C06ED /* NotBrickBreakerUITests */ = {
			isa = PBXGroup;
			children = (
				555E97142038B286005C06ED /* NotBrickBreakerUITests.swift */,
				555E97162038B286005C06ED /* Info.plist */,
			);
			path = NotBrickBreakerUITests;
			sourceTree = "<group>";
		};
/* End PBXGroup section */

/* Begin PBXNativeTarget section */
		555E96EA2038B286005C06ED /* NotBrickBreaker */ = {
			isa = PBXNativeTarget;
			buildConfigurationList = 555E97192038B286005C06ED /* Build configuration list for PBXNativeTarget "NotBrickBreaker" */;
			buildPhases = (
				555E96E72038B286005C06ED /* Sources */,
				555E96E82038B286005C06ED /* Frameworks */,
				555E96E92038B286005C06ED /* Resources */,
			);
			buildRules = (
			);
			dependencies = (
			);
			name = NotBrickBreaker;
			productName = NotBrickBreaker;
			productReference = 555E96EB2038B286005C06ED /* NotBrickBreaker.app */;
			productType = "com.apple.product-type.application";
		};
		555E97042038B286005C06ED /* NotBrickBreakerTests */ = {
			isa = PBXNativeTarget;
			buildConfigurationList = 555E971C2038B286005C06ED /* Build configuration list for PBXNativeTarget "NotBrickBreakerTests" */;
			buildPhases = (
				555E97012038B286005C06ED /* Sources */,
				555E97022038B286005C06ED /* Frameworks */,
				555E97032038B286005C06ED /* Resources */,
			);
			buildRules = (
			);
			dependencies = (
				555E97072038B286005C06ED /* PBXTargetDependency */,
			);
			name = NotBrickBreakerTests;
			productName = NotBrickBreakerTests;
			productReference = 555E97052038B286005C06ED /* NotBrickBreakerTests.xctest */;
			productType = "com.apple.product-type.bundle.unit-test";
		};
		555E970F2038B286005C06ED /* NotBrickBreakerUITests */ = {
			isa = PBXNativeTarget;
			buildConfigurationList = 555E971F2038B286005C06ED /* Build configuration list for PBXNativeTarget "NotBrickBreakerUITests" */;
			buildPhases = (
				555E970C2038B286005C06ED /* Sources */,
				555E970D2038B286005C06ED /* Frameworks */,
				555E970E2038B286005C06ED /* Resources */,
			);
			buildRules = (
			);
			dependencies = (
				555E97122038B286005C06ED /* PBXTargetDependency */,
			);
			name = NotBrickBreakerUITests;
			productName = NotBrickBreakerUITests;
			productReference = 555E97102038B286005C06ED /* NotBrickBreakerUITests.xctest */;
			productType = "com.apple.product-type.bundle.ui-testing";
		};
/* End PBXNativeTarget section */

/* Begin PBXProject section */
		555E96E32038B286005C06ED /* Project object */ = {
			isa = PBXProject;
			attributes = {
				LastSwiftUpdateCheck = 0920;
				LastUpgradeCheck = 0920;
				ORGANIZATIONNAME = "High Tree Development";
				TargetAttributes = {
					555E96EA2038B286005C06ED = {
						CreatedOnToolsVersion = 9.2;
						ProvisioningStyle = Automatic;
					};
					555E97042038B286005C06ED = {
						CreatedOnToolsVersion = 9.2;
						ProvisioningStyle = Automatic;
						TestTargetID = 555E96EA2038B286005C06ED;
					};
					555E970F2038B286005C06ED = {
						CreatedOnToolsVersion = 9.2;
						ProvisioningStyle = Automatic;
						TestTargetID = 555E96EA2038B286005C06ED;
					};
				};
			};
			buildConfigurationList = 555E96E62038B286005C06ED /* Build configuration list for PBXProject "NotBrickBreaker" */;
			compatibilityVersion = "Xcode 8.0";
			developmentRegion = en;
			hasScannedForEncodings = 0;
			knownRegions = (
				en,
				Base,
			);
			mainGroup = 555E96E22038B286005C06ED;
			productRefGroup = 555E96EC2038B286005C06ED /* Products */;
			projectDirPath = "";
			projectRoot = "";
			targets = (
				555E96EA2038B286005C06ED /* NotBrickBreaker */,
				555E97042038B286005C06ED /* NotBrickBreakerTests */,
				555E970F2038B286005C06ED /* NotBrickBreakerUITests */,
			);
		};
/* End PBXProject section */

/* Begin PBXResourcesBuildPhase section */
		555E96E92038B286005C06ED /* Resources */ = {
			isa = PBXResourcesBuildPhase;
			buildActionMask = 2147483647;
			files = (
				554FAA21203A3B6300E61639 /* gameOverSound.wav in Resources */,
				554FA9D12038CD2300E61639 /* BackgroundMusic.wav in Resources */,
				554FAA26203A415A00E61639 /* Assets.xcassets in Resources */,
				554FAA2C203A421F00E61639 /* Spark.sks in Resources */,
				555E96FA2038B286005C06ED /* Main.storyboard in Resources */,
				554FAA2A203A420400E61639 /* Magic.sks in Resources */,
				555E96F12038B286005C06ED /* GameScene.sks in Resources */,
				555E96FC2038B286005C06ED /* Assets.xcassets in Resources */,
				554FAA25203A415A00E61639 /* Flame.sks in Resources */,
				554FA9D22038CD2300E61639 /* paddleHitSound.wav in Resources */,
				555E96FF2038B286005C06ED /* LaunchScreen.storyboard in Resources */,
				554FAA28203A41E700E61639 /* Bokeh.sks in Resources */,
				554FAA1F203A392E00E61639 /* brickHitSound.wav in Resources */,
				555E96F32038B286005C06ED /* Actions.sks in Resources */,
			);
			runOnlyForDeploymentPostprocessing = 0;
		};
		555E97032038B286005C06ED /* Resources */ = {
			isa = PBXResourcesBuildPhase;
			buildActionMask = 2147483647;
			files = (
			);
			runOnlyForDeploymentPostprocessing = 0;
		};
		555E970E2038B286005C06ED /* Resources */ = {
			isa = PBXResourcesBuildPhase;
			buildActionMask = 2147483647;
			files = (
			);
			runOnlyForDeploymentPostprocessing = 0;
		};
/* End PBXResourcesBuildPhase section */

/* Begin PBXSourcesBuildPhase section */
		555E96E72038B286005C06ED /* Sources */ = {
			isa = PBXSourcesBuildPhase;
			buildActionMask = 2147483647;
			files = (
				554FAA1A203A298F00E61639 /* Playing.swift in Sources */,
				554FAA18203A298300E61639 /* Waiting.swift in Sources */,
				554FAA1D203A29A100E61639 /* GameOver.swift in Sources */,
				555E96F52038B286005C06ED /* GameScene.swift in Sources */,
				555E96F72038B286005C06ED /* GameViewController.swift in Sources */,
				555E96EF2038B286005C06ED /* AppDelegate.swift in Sources */,
				554FAA15203A183000E61639 /* GameOverScene.swift in Sources */,
			);
			runOnlyForDeploymentPostprocessing = 0;
		};
		555E97012038B286005C06ED /* Sources */ = {
			isa = PBXSourcesBuildPhase;
			buildActionMask = 2147483647;
			files = (
				555E970A2038B286005C06ED /* NotBrickBreakerTests.swift in Sources */,
			);
			runOnlyForDeploymentPostprocessing = 0;
		};
		555E970C2038B286005C06ED /* Sources */ = {
			isa = PBXSourcesBuildPhase;
			buildActionMask = 2147483647;
			files = (
				555E97152038B286005C06ED /* NotBrickBreakerUITests.swift in Sources */,
			);
			runOnlyForDeploymentPostprocessing = 0;
		};
/* End PBXSourcesBuildPhase section */

/* Begin PBXTargetDependency section */
		555E97072038B286005C06ED /* PBXTargetDependency */ = {
			isa = PBXTargetDependency;
			target = 555E96EA2038B286005C06ED /* NotBrickBreaker */;
			targetProxy = 555E97062038B286005C06ED /* PBXContainerItemProxy */;
		};
		555E97122038B286005C06ED /* PBXTargetDependency */ = {
			isa = PBXTargetDependency;
			target = 555E96EA2038B286005C06ED /* NotBrickBreaker */;
			targetProxy = 555E97112038B286005C06ED /* PBXContainerItemProxy */;
		};
/* End PBXTargetDependency section */

/* Begin PBXVariantGroup section */
		555E96F82038B286005C06ED /* Main.storyboard */ = {
			isa = PBXVariantGroup;
			children = (
				555E96F92038B286005C06ED /* Base */,
			);
			name = Main.storyboard;
			sourceTree = "<group>";
		};
		555E96FD2038B286005C06ED /* LaunchScreen.storyboard */ = {
			isa = PBXVariantGroup;
			children = (
				555E96FE2038B286005C06ED /* Base */,
			);
			name = LaunchScreen.storyboard;
			sourceTree = "<group>";
		};
/* End PBXVariantGroup section */

/* Begin XCBuildConfiguration section */
		555E97172038B286005C06ED /* Debug */ = {
			isa = XCBuildConfiguration;
			buildSettings = {
				ALWAYS_SEARCH_USER_PATHS = NO;
				CLANG_ANALYZER_NONNULL = YES;
				CLANG_ANALYZER_NUMBER_OBJECT_CONVERSION = YES_AGGRESSIVE;
				CLANG_CXX_LANGUAGE_STANDARD = "gnu++14";
				CLANG_CXX_LIBRARY = "libc++";
				CLANG_ENABLE_MODULES = YES;
				CLANG_ENABLE_OBJC_ARC = YES;
				CLANG_WARN_BLOCK_CAPTURE_AUTORELEASING = YES;
				CLANG_WARN_BOOL_CONVERSION = YES;
				CLANG_WARN_COMMA = YES;
				CLANG_WARN_CONSTANT_CONVERSION = YES;
				CLANG_WARN_DIRECT_OBJC_ISA_USAGE = YES_ERROR;
				CLANG_WARN_DOCUMENTATION_COMMENTS = YES;
				CLANG_WARN_EMPTY_BODY = YES;
				CLANG_WARN_ENUM_CONVERSION = YES;
				CLANG_WARN_INFINITE_RECURSION = YES;
				CLANG_WARN_INT_CONVERSION = YES;
				CLANG_WARN_NON_LITERAL_NULL_CONVERSION = YES;
				CLANG_WARN_OBJC_LITERAL_CONVERSION = YES;
				CLANG_WARN_OBJC_ROOT_CLASS = YES_ERROR;
				CLANG_WARN_RANGE_LOOP_ANALYSIS = YES;
				CLANG_WARN_STRICT_PROTOTYPES = YES;
				CLANG_WARN_SUSPICIOUS_MOVE = YES;
				CLANG_WARN_UNGUARDED_AVAILABILITY = YES_AGGRESSIVE;
				CLANG_WARN_UNREACHABLE_CODE = YES;
				CLANG_WARN__DUPLICATE_METHOD_MATCH = YES;
				CODE_SIGN_IDENTITY = "iPhone Developer";
				COPY_PHASE_STRIP = NO;
				DEBUG_INFORMATION_FORMAT = dwarf;
				ENABLE_STRICT_OBJC_MSGSEND = YES;
				ENABLE_TESTABILITY = YES;
				GCC_C_LANGUAGE_STANDARD = gnu11;
				GCC_DYNAMIC_NO_PIC = NO;
				GCC_NO_COMMON_BLOCKS = YES;
				GCC_OPTIMIZATION_LEVEL = 0;
				GCC_PREPROCESSOR_DEFINITIONS = (
					"DEBUG=1",
					"$(inherited)",
				);
				GCC_WARN_64_TO_32_BIT_CONVERSION = YES;
				GCC_WARN_ABOUT_RETURN_TYPE = YES_ERROR;
				GCC_WARN_UNDECLARED_SELECTOR = YES;
				GCC_WARN_UNINITIALIZED_AUTOS = YES_AGGRESSIVE;
				GCC_WARN_UNUSED_FUNCTION = YES;
				GCC_WARN_UNUSED_VARIABLE = YES;
				IPHONEOS_DEPLOYMENT_TARGET = 11.2;
				MTL_ENABLE_DEBUG_INFO = YES;
				ONLY_ACTIVE_ARCH = YES;
				SDKROOT = iphoneos;
				SWIFT_ACTIVE_COMPILATION_CONDITIONS = DEBUG;
				SWIFT_OPTIMIZATION_LEVEL = "-Onone";
			};
			name = Debug;
		};
		555E97182038B286005C06ED /* Release */ = {
			isa = XCBuildConfiguration;
			buildSettings = {
				ALWAYS_SEARCH_USER_PATHS = NO;
				CLANG_ANALYZER_NONNULL = YES;
				CLANG_ANALYZER_NUMBER_OBJECT_CONVERSION = YES_AGGRESSIVE;
				CLANG_CXX_LANGUAGE_STANDARD = "gnu++14";
				CLANG_CXX_LIBRARY = "libc++";
				CLANG_ENABLE_MODULES = YES;
				CLANG_ENABLE_OBJC_ARC = YES;
				CLANG_WARN_BLOCK_CAPTURE_AUTORELEASING = YES;
				CLANG_WARN_BOOL_CONVERSION = YES;
				CLANG_WARN_COMMA = YES;
				CLANG_WARN_CONSTANT_CONVERSION = YES;
				CLANG_WARN_DIRECT_OBJC_ISA_USAGE = YES_ERROR;
				CLANG_WARN_DOCUMENTATION_COMMENTS = YES;
				CLANG_WARN_EMPTY_BODY = YES;
				CLANG_WARN_ENUM_CONVERSION = YES;
				CLANG_WARN_INFINITE_RECURSION = YES;
				CLANG_WARN_INT_CONVERSION = YES;
				CLANG_WARN_NON_LITERAL_NULL_CONVERSION = YES;
				CLANG_WARN_OBJC_LITERAL_CONVERSION = YES;
				CLANG_WARN_OBJC_ROOT_CLASS = YES_ERROR;
				CLANG_WARN_RANGE_LOOP_ANALYSIS = YES;
				CLANG_WARN_STRICT_PROTOTYPES = YES;
				CLANG_WARN_SUSPICIOUS_MOVE = YES;
				CLANG_WARN_UNGUARDED_AVAILABILITY = YES_AGGRESSIVE;
				CLANG_WARN_UNREACHABLE_CODE = YES;
				CLANG_WARN__DUPLICATE_METHOD_MATCH = YES;
				CODE_SIGN_IDENTITY = "iPhone Developer";
				COPY_PHASE_STRIP = NO;
				DEBUG_INFORMATION_FORMAT = "dwarf-with-dsym";
				ENABLE_NS_ASSERTIONS = NO;
				ENABLE_STRICT_OBJC_MSGSEND = YES;
				GCC_C_LANGUAGE_STANDARD = gnu11;
				GCC_NO_COMMON_BLOCKS = YES;
				GCC_WARN_64_TO_32_BIT_CONVERSION = YES;
				GCC_WARN_ABOUT_RETURN_TYPE = YES_ERROR;
				GCC_WARN_UNDECLARED_SELECTOR = YES;
				GCC_WARN_UNINITIALIZED_AUTOS = YES_AGGRESSIVE;
				GCC_WARN_UNUSED_FUNCTION = YES;
				GCC_WARN_UNUSED_VARIABLE = YES;
				IPHONEOS_DEPLOYMENT_TARGET = 11.2;
				MTL_ENABLE_DEBUG_INFO = NO;
				SDKROOT = iphoneos;
				SWIFT_OPTIMIZATION_LEVEL = "-Owholemodule";
				VALIDATE_PRODUCT = YES;
			};
			name = Release;
		};
		555E971A2038B286005C06ED /* Debug */ = {
			isa = XCBuildConfiguration;
			buildSettings = {
				ASSETCATALOG_COMPILER_APPICON_NAME = AppIcon;
				CODE_SIGN_STYLE = Automatic;
				DEVELOPMENT_TEAM = D3D7B5BPEZ;
				INFOPLIST_FILE = NotBrickBreaker/Info.plist;
				LD_RUNPATH_SEARCH_PATHS = "$(inherited) @executable_path/Frameworks";
				PRODUCT_BUNDLE_IDENTIFIER = com.HighTreeDevelopment.OutsideNow.NotBrickBreaker;
				PRODUCT_NAME = "$(TARGET_NAME)";
				SWIFT_VERSION = 4.0;
				TARGETED_DEVICE_FAMILY = 1;
			};
			name = Debug;
		};
		555E971B2038B286005C06ED /* Release */ = {
			isa = XCBuildConfiguration;
			buildSettings = {
				ASSETCATALOG_COMPILER_APPICON_NAME = AppIcon;
				CODE_SIGN_STYLE = Automatic;
				DEVELOPMENT_TEAM = D3D7B5BPEZ;
				INFOPLIST_FILE = NotBrickBreaker/Info.plist;
				LD_RUNPATH_SEARCH_PATHS = "$(inherited) @executable_path/Frameworks";
				PRODUCT_BUNDLE_IDENTIFIER = com.HighTreeDevelopment.OutsideNow.NotBrickBreaker;
				PRODUCT_NAME = "$(TARGET_NAME)";
				SWIFT_VERSION = 4.0;
				TARGETED_DEVICE_FAMILY = 1;
			};
			name = Release;
		};
		555E971D2038B286005C06ED /* Debug */ = {
			isa = XCBuildConfiguration;
			buildSettings = {
				ALWAYS_EMBED_SWIFT_STANDARD_LIBRARIES = YES;
				BUNDLE_LOADER = "$(TEST_HOST)";
				CODE_SIGN_STYLE = Automatic;
				DEVELOPMENT_TEAM = D3D7B5BPEZ;
				INFOPLIST_FILE = NotBrickBreakerTests/Info.plist;
				LD_RUNPATH_SEARCH_PATHS = "$(inherited) @executable_path/Frameworks @loader_path/Frameworks";
				PRODUCT_BUNDLE_IDENTIFIER = com.HighTreeDevelopment.OutsideNow.NotBrickBreakerTests;
				PRODUCT_NAME = "$(TARGET_NAME)";
				SWIFT_VERSION = 4.0;
				TARGETED_DEVICE_FAMILY = "1,2";
				TEST_HOST = "$(BUILT_PRODUCTS_DIR)/NotBrickBreaker.app/NotBrickBreaker";
			};
			name = Debug;
		};
		555E971E2038B286005C06ED /* Release */ = {
			isa = XCBuildConfiguration;
			buildSettings = {
				ALWAYS_EMBED_SWIFT_STANDARD_LIBRARIES = YES;
				BUNDLE_LOADER = "$(TEST_HOST)";
				CODE_SIGN_STYLE = Automatic;
				DEVELOPMENT_TEAM = D3D7B5BPEZ;
				INFOPLIST_FILE = NotBrickBreakerTests/Info.plist;
				LD_RUNPATH_SEARCH_PATHS = "$(inherited) @executable_path/Frameworks @loader_path/Frameworks";
				PRODUCT_BUNDLE_IDENTIFIER = com.HighTreeDevelopment.OutsideNow.NotBrickBreakerTests;
				PRODUCT_NAME = "$(TARGET_NAME)";
				SWIFT_VERSION = 4.0;
				TARGETED_DEVICE_FAMILY = "1,2";
				TEST_HOST = "$(BUILT_PRODUCTS_DIR)/NotBrickBreaker.app/NotBrickBreaker";
			};
			name = Release;
		};
		555E97202038B286005C06ED /* Debug */ = {
			isa = XCBuildConfiguration;
			buildSettings = {
				ALWAYS_EMBED_SWIFT_STANDARD_LIBRARIES = YES;
				CODE_SIGN_STYLE = Automatic;
				DEVELOPMENT_TEAM = D3D7B5BPEZ;
				INFOPLIST_FILE = NotBrickBreakerUITests/Info.plist;
				LD_RUNPATH_SEARCH_PATHS = "$(inherited) @executable_path/Frameworks @loader_path/Frameworks";
				PRODUCT_BUNDLE_IDENTIFIER = com.HighTreeDevelopment.OutsideNow.NotBrickBreakerUITests;
				PRODUCT_NAME = "$(TARGET_NAME)";
				SWIFT_VERSION = 4.0;
				TARGETED_DEVICE_FAMILY = "1,2";
				TEST_TARGET_NAME = NotBrickBreaker;
			};
			name = Debug;
		};
		555E97212038B286005C06ED /* Release */ = {
			isa = XCBuildConfiguration;
			buildSettings = {
				ALWAYS_EMBED_SWIFT_STANDARD_LIBRARIES = YES;
				CODE_SIGN_STYLE = Automatic;
				DEVELOPMENT_TEAM = D3D7B5BPEZ;
				INFOPLIST_FILE = NotBrickBreakerUITests/Info.plist;
				LD_RUNPATH_SEARCH_PATHS = "$(inherited) @executable_path/Frameworks @loader_path/Frameworks";
				PRODUCT_BUNDLE_IDENTIFIER = com.HighTreeDevelopment.OutsideNow.NotBrickBreakerUITests;
				PRODUCT_NAME = "$(TARGET_NAME)";
				SWIFT_VERSION = 4.0;
				TARGETED_DEVICE_FAMILY = "1,2";
				TEST_TARGET_NAME = NotBrickBreaker;
			};
			name = Release;
		};
/* End XCBuildConfiguration section */

/* Begin XCConfigurationList section */
		555E96E62038B286005C06ED /* Build configuration list for PBXProject "NotBrickBreaker" */ = {
			isa = XCConfigurationList;
			buildConfigurations = (
				555E97172038B286005C06ED /* Debug */,
				555E97182038B286005C06ED /* Release */,
			);
			defaultConfigurationIsVisible = 0;
			defaultConfigurationName = Release;
		};
		555E97192038B286005C06ED /* Build configuration list for PBXNativeTarget "NotBrickBreaker" */ = {
			isa = XCConfigurationList;
			buildConfigurations = (
				555E971A2038B286005C06ED /* Debug */,
				555E971B2038B286005C06ED /* Release */,
			);
			defaultConfigurationIsVisible = 0;
			defaultConfigurationName = Release;
		};
		555E971C2038B286005C06ED /* Build configuration list for PBXNativeTarget "NotBrickBreakerTests" */ = {
			isa = XCConfigurationList;
			buildConfigurations = (
				555E971D2038B286005C06ED /* Debug */,
				555E971E2038B286005C06ED /* Release */,
			);
			defaultConfigurationIsVisible = 0;
			defaultConfigurationName = Release;
		};
		555E971F2038B286005C06ED /* Build configuration list for PBXNativeTarget "NotBrickBreakerUITests" */ = {
			isa = XCConfigurationList;
			buildConfigurations = (
				555E97202038B286005C06ED /* Debug */,
				555E97212038B286005C06ED /* Release */,
			);
			defaultConfigurationIsVisible = 0;
			defaultConfigurationName = Release;
		};
/* End XCConfigurationList section */
	};
	rootObject = 555E96E32038B286005C06ED /* Project object */;
}
